
Microsoft Visual Studio Solution File, Format Version 12.00
# Visual Studio Version 17
VisualStudioVersion = 17.6.33815.320
MinimumVisualStudioVersion = 10.0.40219.1
Project("{FAE04EC0-301F-11D3-BF4B-00C04F79EFBC}") = "Encapsulation", "Encapsulation\Encapsulation.csproj", "{FE1B2860-E818-43A0-8A59-7575175B5DB8}"
EndProject
Global
	GlobalSection(SolutionConfigurationPlatforms) = preSolution
		Debug|Any CPU = Debug|Any CPU
		Release|Any CPU = Release|Any CPU
	EndGlobalSection
	GlobalSection(ProjectConfigurationPlatforms) = postSolution
		{FE1B2860-E818-43A0-8A59-7575175B5DB8}.Debug|Any CPU.ActiveCfg = Debug|Any CPU
		{FE1B2860-E818-43A0-8A59-7575175B5DB8}.Debug|Any CPU.Build.0 = Debug|Any CPU
		{FE1B2860-E818-43A0-8A59-7575175B5DB8}.Release|Any CPU.ActiveCfg = Release|Any CPU
		{FE1B2860-E818-43A0-8A59-7575175B5DB8}.Release|Any CPU.Build.0 = Release|Any CPU
	EndGlobalSection
	GlobalSection(SolutionProperties) = preSolution
		HideSolutionNode = FALSE
	EndGlobalSection
	GlobalSection(ExtensibilityGlobals) = postSolution
		SolutionGuid = {1BC6DBDF-E668-42BA-A089-A6E729B4F712}
	EndGlobalSection
EndGlobal
